
Microsoft Visual Studio Solution File, Format Version 12.00
# Visual Studio Version 17
VisualStudioVersion = 17.9.34728.123
MinimumVisualStudioVersion = 10.0.40219.1
Project("{FAE04EC0-301F-11D3-BF4B-00C04F79EFBC}") = "BlackJack", "BlackJack.csproj", "{90454B47-1603-4A99-BAA0-DC77625F3654}"
EndProject
Global
	GlobalSection(SolutionConfigurationPlatforms) = preSolution
		Debug|Any CPU = Debug|Any CPU
		Release|Any CPU = Release|Any CPU
	EndGlobalSection
	GlobalSection(ProjectConfigurationPlatforms) = postSolution
		{90454B47-1603-4A99-BAA0-DC77625F3654}.Debug|Any CPU.ActiveCfg = Debug|Any CPU
		{90454B47-1603-4A99-BAA0-DC77625F3654}.Debug|Any CPU.Build.0 = Debug|Any CPU
		{90454B47-1603-4A99-BAA0-DC77625F3654}.Release|Any CPU.ActiveCfg = Release|Any CPU
		{90454B47-1603-4A99-BAA0-DC77625F3654}.Release|Any CPU.Build.0 = Release|Any CPU
	EndGlobalSection
	GlobalSection(SolutionProperties) = preSolution
		HideSolutionNode = FALSE
	EndGlobalSection
	GlobalSection(ExtensibilityGlobals) = postSolution
		SolutionGuid = {4692A0B6-12B4-439E-879D-20E4C0B12912}
	EndGlobalSection
EndGlobal
